
Microsoft Visual Studio Solution File, Format Version 12.00
# Visual Studio 15
VisualStudioVersion = 15.0.27004.2005
MinimumVisualStudioVersion = 10.0.40219.1
Project("{FAE04EC0-301F-11D3-BF4B-00C04F79EFBC}") = "MoonWare", "MoonWare\MoonWare.csproj", "{9D4E58F5-0E52-467D-B402-D1F0EE398081}"
EndProject
Global
	GlobalSection(SolutionConfigurationPlatforms) = preSolution
		Debug|Any CPU = Debug|Any CPU
		Release|Any CPU = Release|Any CPU
	EndGlobalSection
	GlobalSection(ProjectConfigurationPlatforms) = postSolution
		{9D4E58F5-0E52-467D-B402-D1F0EE398081}.Debug|Any CPU.ActiveCfg = Debug|Any CPU
		{9D4E58F5-0E52-467D-B402-D1F0EE398081}.Debug|Any CPU.Build.0 = Debug|Any CPU
		{9D4E58F5-0E52-467D-B402-D1F0EE398081}.Release|Any CPU.ActiveCfg = Release|Any CPU
		{9D4E58F5-0E52-467D-B402-D1F0EE398081}.Release|Any CPU.Build.0 = Release|Any CPU
	EndGlobalSection
	GlobalSection(SolutionProperties) = preSolution
		HideSolutionNode = FALSE
	EndGlobalSection
	GlobalSection(ExtensibilityGlobals) = postSolution
		SolutionGuid = {EA45449E-367D-4797-A54D-A3F42BBBC17C}
	EndGlobalSection
EndGlobal
